
Microsoft Visual Studio Solution File, Format Version 12.00
# Visual Studio Version 16
VisualStudioVersion = 16.0.28606.126
MinimumVisualStudioVersion = 10.0.40219.1
Project("{9A19103F-16F7-4668-BE54-9A1E7A4F7556}") = "ArbolB", "ArbolB\ArbolB.csproj", "{F09C8C61-D7F6-4D17-9637-32ABCE66B8EB}"
EndProject
Global
	GlobalSection(SolutionConfigurationPlatforms) = preSolution
		Debug|Any CPU = Debug|Any CPU
		Release|Any CPU = Release|Any CPU
	EndGlobalSection
	GlobalSection(ProjectConfigurationPlatforms) = postSolution
		{F09C8C61-D7F6-4D17-9637-32ABCE66B8EB}.Debug|Any CPU.ActiveCfg = Debug|Any CPU
		{F09C8C61-D7F6-4D17-9637-32ABCE66B8EB}.Debug|Any CPU.Build.0 = Debug|Any CPU
		{F09C8C61-D7F6-4D17-9637-32ABCE66B8EB}.Release|Any CPU.ActiveCfg = Release|Any CPU
		{F09C8C61-D7F6-4D17-9637-32ABCE66B8EB}.Release|Any CPU.Build.0 = Release|Any CPU
	EndGlobalSection
	GlobalSection(SolutionProperties) = preSolution
		HideSolutionNode = FALSE
	EndGlobalSection
	GlobalSection(ExtensibilityGlobals) = postSolution
		SolutionGuid = {DD58A01A-00CA-428E-AB49-4404EBAD3025}
	EndGlobalSection
EndGlobal
